<?xml version="1.0" encoding="utf-8"?>
<Project ToolsVersion="4.0" xmlns="http://schemas.microsoft.com/developer/msbuild/2003">
  <ItemGroup>
    <Filter Include="源文件">
      <UniqueIdentifier>{4FC737F1-C7A5-4376-A066-2A32D752A2FF}</UniqueIdentifier>
      <Extensions>cpp;c;cc;cxx;def;odl;idl;hpj;bat;asm;asmx</Extensions>
    </Filter>
    <Filter Include="头文件">
      <UniqueIdentifier>{93995380-89BD-4b04-88EB-625FBE52EBFB}</UniqueIdentifier>
      <Extensions>h;hh;hpp;hxx;hm;inl;inc;ipp;xsd</Extensions>
    </Filter>
    <Filter Include="资源文件">
      <UniqueIdentifier>{67DA6AB6-F800-4c08-8B7A-83BB121AAD01}</UniqueIdentifier>
      <Extensions>rc;ico;cur;bmp;dlg;rc2;rct;bin;rgs;gif;jpg;jpeg;jpe;resx;tiff;tif;png;wav;mfcribbon-ms</Extensions>
    </Filter>
  </ItemGroup>
  <ItemGroup>
    <ClCompile Include="CInfoBoard.cpp">
      <Filter>源文件</Filter>
    </ClCompile>
    <ClCompile Include="CNextBrickBoard.cpp">
      <Filter>源文件</Filter>
    </ClCompile>
    <ClCompile Include="CBrickUnit.cpp">
      <Filter>源文件</Filter>
    </ClCompile>
    <ClCompile Include="CBrick.cpp">
      <Filter>源文件</Filter>
    </ClCompile>
    <ClCompile Include="CMainGameArea.cpp">
      <Filter>源文件</Filter>
    </ClCompile>
    <ClCompile Include="CTetrisGame.cpp">
      <Filter>源文件</Filter>
    </ClCompile>
    <ClCompile Include="CTools.cpp">
      <Filter>源文件</Filter>
    </ClCompile>
    <ClCompile Include="main.cpp">
      <Filter>源文件</Filter>
    </ClCompile>
    <ClCompile Include="CBrickStyle1.cpp">
      <Filter>源文件</Filter>
    </ClCompile>
    <ClCompile Include="CBrickStyle2.cpp">
      <Filter>源文件</Filter>
    </ClCompile>
    <ClCompile Include="CBrickStyle3.cpp">
      <Filter>源文件</Filter>
    </ClCompile>
    <ClCompile Include="CBrickSytle4.cpp">
      <Filter>源文件</Filter>
    </ClCompile>
    <ClCompile Include="CBrickStyle5.cpp">
      <Filter>源文件</Filter>
    </ClCompile>
    <ClCompile Include="CBrickStyle6.cpp">
      <Filter>源文件</Filter>
    </ClCompile>
    <ClCompile Include="CBrickStyle7.cpp">
      <Filter>源文件</Filter>
    </ClCompile>
  </ItemGroup>
  <ItemGroup>
    <ClInclude Include="CInfoBoard.h">
      <Filter>头文件</Filter>
    </ClInclude>
    <ClInclude Include="CNextBrickBoard.h">
      <Filter>头文件</Filter>
    </ClInclude>
    <ClInclude Include="CBrickUnit.h">
      <Filter>头文件</Filter>
    </ClInclude>
    <ClInclude Include="CBrick.h">
      <Filter>头文件</Filter>
    </ClInclude>
    <ClInclude Include="CMainGameArea.h">
      <Filter>头文件</Filter>
    </ClInclude>
    <ClInclude Include="CTetrisGame.h">
      <Filter>头文件</Filter>
    </ClInclude>
    <ClInclude Include="CTools.h">
      <Filter>头文件</Filter>
    </ClInclude>
    <ClInclude Include="CBrickStyle1.h">
      <Filter>头文件</Filter>
    </ClInclude>
    <ClInclude Include="CBrickStyle2.h">
      <Filter>头文件</Filter>
    </ClInclude>
    <ClInclude Include="CBrickStyle3.h">
      <Filter>头文件</Filter>
    </ClInclude>
    <ClInclude Include="CBrickSytle4.h">
      <Filter>头文件</Filter>
    </ClInclude>
    <ClInclude Include="CBrickStyle5.h">
      <Filter>头文件</Filter>
    </ClInclude>
    <ClInclude Include="CBrickStyle6.h">
      <Filter>头文件</Filter>
    </ClInclude>
    <ClInclude Include="CBrickStyle7.h">
      <Filter>头文件</Filter>
    </ClInclude>
  </ItemGroup>
</Project>